
Microsoft Visual Studio Solution File, Format Version 12.00
# Visual Studio Version 17
VisualStudioVersion = 17.3.32825.248
MinimumVisualStudioVersion = 10.0.40219.1
Project("{FAE04EC0-301F-11D3-BF4B-00C04F79EFBC}") = "RAStoCSV", "RAStoCSV\RAStoCSV.csproj", "{C755E3D0-438A-4BA2-90EF-FF838A4AA20E}"
EndProject
Project("{FAE04EC0-301F-11D3-BF4B-00C04F79EFBC}") = "RASData", "RASData\RASData.csproj", "{77505541-9058-4592-A44F-D72EB9B41A62}"
EndProject
Project("{FAE04EC0-301F-11D3-BF4B-00C04F79EFBC}") = "RAStoCSV6", "RAStoCSV6\RAStoCSV6.csproj", "{EBB1CF62-7D72-4BCF-9814-191CB1F3AC8E}"
EndProject
Global
	GlobalSection(SolutionConfigurationPlatforms) = preSolution
		Debug|Any CPU = Debug|Any CPU
		Release|Any CPU = Release|Any CPU
	EndGlobalSection
	GlobalSection(ProjectConfigurationPlatforms) = postSolution
		{C755E3D0-438A-4BA2-90EF-FF838A4AA20E}.Debug|Any CPU.ActiveCfg = Debug|Any CPU
		{C755E3D0-438A-4BA2-90EF-FF838A4AA20E}.Debug|Any CPU.Build.0 = Debug|Any CPU
		{C755E3D0-438A-4BA2-90EF-FF838A4AA20E}.Release|Any CPU.ActiveCfg = Release|Any CPU
		{C755E3D0-438A-4BA2-90EF-FF838A4AA20E}.Release|Any CPU.Build.0 = Release|Any CPU
		{77505541-9058-4592-A44F-D72EB9B41A62}.Debug|Any CPU.ActiveCfg = Debug|Any CPU
		{77505541-9058-4592-A44F-D72EB9B41A62}.Debug|Any CPU.Build.0 = Debug|Any CPU
		{77505541-9058-4592-A44F-D72EB9B41A62}.Release|Any CPU.ActiveCfg = Release|Any CPU
		{77505541-9058-4592-A44F-D72EB9B41A62}.Release|Any CPU.Build.0 = Release|Any CPU
		{EBB1CF62-7D72-4BCF-9814-191CB1F3AC8E}.Debug|Any CPU.ActiveCfg = Debug|Any CPU
		{EBB1CF62-7D72-4BCF-9814-191CB1F3AC8E}.Debug|Any CPU.Build.0 = Debug|Any CPU
		{EBB1CF62-7D72-4BCF-9814-191CB1F3AC8E}.Release|Any CPU.ActiveCfg = Release|Any CPU
		{EBB1CF62-7D72-4BCF-9814-191CB1F3AC8E}.Release|Any CPU.Build.0 = Release|Any CPU
	EndGlobalSection
	GlobalSection(SolutionProperties) = preSolution
		HideSolutionNode = FALSE
	EndGlobalSection
	GlobalSection(ExtensibilityGlobals) = postSolution
		SolutionGuid = {E6DBCFF6-9FEF-4765-A9B7-AFB29DFFB90E}
	EndGlobalSection
EndGlobal
